// !$*UTF8*$!
{
	archiveVersion = 1;
	classes = {
	};
	objectVersion = 50;
	objects = {

/* Begin PBXBuildFile section */
		EEE9A30424F35B0D00AA3643 /* AppDelegate.swift in Sources */ = {isa = PBXBuildFile; fileRef = EEE9A30324F35B0D00AA3643 /* AppDelegate.swift */; };
		EEE9A30624F35B0D00AA3643 /* SceneDelegate.swift in Sources */ = {isa = PBXBuildFile; fileRef = EEE9A30524F35B0D00AA3643 /* SceneDelegate.swift */; };
		EEE9A30824F35B0D00AA3643 /* ViewController.swift in Sources */ = {isa = PBXBuildFile; fileRef = EEE9A30724F35B0D00AA3643 /* ViewController.swift */; };
		EEE9A30B24F35B0D00AA3643 /* Main.storyboard in Resources */ = {isa = PBXBuildFile; fileRef = EEE9A30924F35B0D00AA3643 /* Main.storyboard */; };
		EEE9A30D24F35B0F00AA3643 /* Assets.xcassets in Resources */ = {isa = PBXBuildFile; fileRef = EEE9A30C24F35B0F00AA3643 /* Assets.xcassets */; };
		EEE9A31024F35B0F00AA3643 /* LaunchScreen.storyboard in Resources */ = {isa = PBXBuildFile; fileRef = EEE9A30E24F35B0F00AA3643 /* LaunchScreen.storyboard */; };
		EEE9A31E24F35B5F00AA3643 /* ConversationsController.swift in Sources */ = {isa = PBXBuildFile; fileRef = EEE9A31D24F35B5F00AA3643 /* ConversationsController.swift */; };
		EEE9A32124F360FB00AA3643 /* LoginController.swift in Sources */ = {isa = PBXBuildFile; fileRef = EEE9A32024F360FB00AA3643 /* LoginController.swift */; };
		EEE9A32324F3610600AA3643 /* RegistrationController.swift in Sources */ = {isa = PBXBuildFile; fileRef = EEE9A32224F3610600AA3643 /* RegistrationController.swift */; };
		EEE9A32524F3639500AA3643 /* Extensions.swift in Sources */ = {isa = PBXBuildFile; fileRef = EEE9A32424F3639500AA3643 /* Extensions.swift */; };
		EEE9A32724F40D2500AA3643 /* InputContainerView.swift in Sources */ = {isa = PBXBuildFile; fileRef = EEE9A32624F40D2500AA3643 /* InputContainerView.swift */; };
		EEE9A32924F40F8A00AA3643 /* CustomTextField.swift in Sources */ = {isa = PBXBuildFile; fileRef = EEE9A32824F40F8A00AA3643 /* CustomTextField.swift */; };
		EEE9A32C24F417FC00AA3643 /* LoginViewModel.swift in Sources */ = {isa = PBXBuildFile; fileRef = EEE9A32B24F417FC00AA3643 /* LoginViewModel.swift */; };
		EEE9A32E24F41D6600AA3643 /* RegistrationViewModel.swift in Sources */ = {isa = PBXBuildFile; fileRef = EEE9A32D24F41D6600AA3643 /* RegistrationViewModel.swift */; };
/* End PBXBuildFile section */

/* Begin PBXFileReference section */
		EEE9A30024F35B0D00AA3643 /* FireChat.app */ = {isa = PBXFileReference; explicitFileType = wrapper.application; includeInIndex = 0; path = FireChat.app; sourceTree = BUILT_PRODUCTS_DIR; };
		EEE9A30324F35B0D00AA3643 /* AppDelegate.swift */ = {isa = PBXFileReference; lastKnownFileType = sourcecode.swift; path = AppDelegate.swift; sourceTree = "<group>"; };
		EEE9A30524F35B0D00AA3643 /* SceneDelegate.swift */ = {isa = PBXFileReference; lastKnownFileType = sourcecode.swift; path = SceneDelegate.swift; sourceTree = "<group>"; };
		EEE9A30724F35B0D00AA3643 /* ViewController.swift */ = {isa = PBXFileReference; lastKnownFileType = sourcecode.swift; path = ViewController.swift; sourceTree = "<group>"; };
		EEE9A30A24F35B0D00AA3643 /* Base */ = {isa = PBXFileReference; lastKnownFileType = file.storyboard; name = Base; path = Base.lproj/Main.storyboard; sourceTree = "<group>"; };
		EEE9A30C24F35B0F00AA3643 /* Assets.xcassets */ = {isa = PBXFileReference; lastKnownFileType = folder.assetcatalog; path = Assets.xcassets; sourceTree = "<group>"; };
		EEE9A30F24F35B0F00AA3643 /* Base */ = {isa = PBXFileReference; lastKnownFileType = file.storyboard; name = Base; path = Base.lproj/LaunchScreen.storyboard; sourceTree = "<group>"; };
		EEE9A31124F35B0F00AA3643 /* Info.plist */ = {isa = PBXFileReference; lastKnownFileType = text.plist.xml; path = Info.plist; sourceTree = "<group>"; };
		EEE9A31D24F35B5F00AA3643 /* ConversationsController.swift */ = {isa = PBXFileReference; lastKnownFileType = sourcecode.swift; path = ConversationsController.swift; sourceTree = "<group>"; };
		EEE9A32024F360FB00AA3643 /* LoginController.swift */ = {isa = PBXFileReference; lastKnownFileType = sourcecode.swift; path = LoginController.swift; sourceTree = "<group>"; };
		EEE9A32224F3610600AA3643 /* RegistrationController.swift */ = {isa = PBXFileReference; lastKnownFileType = sourcecode.swift; path = RegistrationController.swift; sourceTree = "<group>"; };
		EEE9A32424F3639500AA3643 /* Extensions.swift */ = {isa = PBXFileReference; lastKnownFileType = sourcecode.swift; path = Extensions.swift; sourceTree = "<group>"; };
		EEE9A32624F40D2500AA3643 /* InputContainerView.swift */ = {isa = PBXFileReference; lastKnownFileType = sourcecode.swift; path = InputContainerView.swift; sourceTree = "<group>"; };
		EEE9A32824F40F8A00AA3643 /* CustomTextField.swift */ = {isa = PBXFileReference; lastKnownFileType = sourcecode.swift; path = CustomTextField.swift; sourceTree = "<group>"; };
		EEE9A32B24F417FC00AA3643 /* LoginViewModel.swift */ = {isa = PBXFileReference; lastKnownFileType = sourcecode.swift; path = LoginViewModel.swift; sourceTree = "<group>"; };
		EEE9A32D24F41D6600AA3643 /* RegistrationViewModel.swift */ = {isa = PBXFileReference; lastKnownFileType = sourcecode.swift; path = RegistrationViewModel.swift; sourceTree = "<group>"; };
/* End PBXFileReference section */

/* Begin PBXFrameworksBuildPhase section */
		EEE9A2FD24F35B0D00AA3643 /* Frameworks */ = {
			isa = PBXFrameworksBuildPhase;
			buildActionMask = 2147483647;
			files = (
			);
			runOnlyForDeploymentPostprocessing = 0;
		};
/* End PBXFrameworksBuildPhase section */

/* Begin PBXGroup section */
		EEE9A2F724F35B0D00AA3643 = {
			isa = PBXGroup;
			children = (
				EEE9A30224F35B0D00AA3643 /* FireChat */,
				EEE9A30124F35B0D00AA3643 /* Products */,
			);
			sourceTree = "<group>";
		};
		EEE9A30124F35B0D00AA3643 /* Products */ = {
			isa = PBXGroup;
			children = (
				EEE9A30024F35B0D00AA3643 /* FireChat.app */,
			);
			name = Products;
			sourceTree = "<group>";
		};
		EEE9A30224F35B0D00AA3643 /* FireChat */ = {
			isa = PBXGroup;
			children = (
				EEE9A32A24F417E500AA3643 /* ViewModel */,
				EEE9A31C24F35B2C00AA3643 /* Model */,
				EEE9A31B24F35B2A00AA3643 /* View */,
				EEE9A31A24F35B2800AA3643 /* Controller */,
				EEE9A31924F35B2400AA3643 /* API */,
				EEE9A31724F35B1B00AA3643 /* Utils */,
				EEE9A30324F35B0D00AA3643 /* AppDelegate.swift */,
				EEE9A30524F35B0D00AA3643 /* SceneDelegate.swift */,
				EEE9A30724F35B0D00AA3643 /* ViewController.swift */,
				EEE9A30924F35B0D00AA3643 /* Main.storyboard */,
				EEE9A30C24F35B0F00AA3643 /* Assets.xcassets */,
				EEE9A30E24F35B0F00AA3643 /* LaunchScreen.storyboard */,
				EEE9A31124F35B0F00AA3643 /* Info.plist */,
			);
			path = FireChat;
			sourceTree = "<group>";
		};
		EEE9A31724F35B1B00AA3643 /* Utils */ = {
			isa = PBXGroup;
			children = (
				EEE9A32424F3639500AA3643 /* Extensions.swift */,
			);
			path = Utils;
			sourceTree = "<group>";
		};
		EEE9A31924F35B2400AA3643 /* API */ = {
			isa = PBXGroup;
			children = (
			);
			path = API;
			sourceTree = "<group>";
		};
		EEE9A31A24F35B2800AA3643 /* Controller */ = {
			isa = PBXGroup;
			children = (
				EEE9A31F24F360EF00AA3643 /* Authentication */,
				EEE9A31D24F35B5F00AA3643 /* ConversationsController.swift */,
			);
			path = Controller;
			sourceTree = "<group>";
		};
		EEE9A31B24F35B2A00AA3643 /* View */ = {
			isa = PBXGroup;
			children = (
				EEE9A32624F40D2500AA3643 /* InputContainerView.swift */,
				EEE9A32824F40F8A00AA3643 /* CustomTextField.swift */,
			);
			path = View;
			sourceTree = "<group>";
		};
		EEE9A31C24F35B2C00AA3643 /* Model */ = {
			isa = PBXGroup;
			children = (
			);
			path = Model;
			sourceTree = "<group>";
		};
		EEE9A31F24F360EF00AA3643 /* Authentication */ = {
			isa = PBXGroup;
			children = (
				EEE9A32024F360FB00AA3643 /* LoginController.swift */,
				EEE9A32224F3610600AA3643 /* RegistrationController.swift */,
			);
			path = Authentication;
			sourceTree = "<group>";
		};
		EEE9A32A24F417E500AA3643 /* ViewModel */ = {
			isa = PBXGroup;
			children = (
				EEE9A32B24F417FC00AA3643 /* LoginViewModel.swift */,
				EEE9A32D24F41D6600AA3643 /* RegistrationViewModel.swift */,
			);
			path = ViewModel;
			sourceTree = "<group>";
		};
/* End PBXGroup section */

/* Begin PBXNativeTarget section */
		EEE9A2FF24F35B0D00AA3643 /* FireChat */ = {
			isa = PBXNativeTarget;
			buildConfigurationList = EEE9A31424F35B0F00AA3643 /* Build configuration list for PBXNativeTarget "FireChat" */;
			buildPhases = (
				EEE9A2FC24F35B0D00AA3643 /* Sources */,
				EEE9A2FD24F35B0D00AA3643 /* Frameworks */,
				EEE9A2FE24F35B0D00AA3643 /* Resources */,
			);
			buildRules = (
			);
			dependencies = (
			);
			name = FireChat;
			productName = FireChat;
			productReference = EEE9A30024F35B0D00AA3643 /* FireChat.app */;
			productType = "com.apple.product-type.application";
		};
/* End PBXNativeTarget section */

/* Begin PBXProject section */
		EEE9A2F824F35B0D00AA3643 /* Project object */ = {
			isa = PBXProject;
			attributes = {
				LastSwiftUpdateCheck = 1160;
				LastUpgradeCheck = 1160;
				ORGANIZATIONNAME = "Apurva Deshmukh";
				TargetAttributes = {
					EEE9A2FF24F35B0D00AA3643 = {
						CreatedOnToolsVersion = 11.6;
					};
				};
			};
			buildConfigurationList = EEE9A2FB24F35B0D00AA3643 /* Build configuration list for PBXProject "FireChat" */;
			compatibilityVersion = "Xcode 9.3";
			developmentRegion = en;
			hasScannedForEncodings = 0;
			knownRegions = (
				en,
				Base,
			);
			mainGroup = EEE9A2F724F35B0D00AA3643;
			productRefGroup = EEE9A30124F35B0D00AA3643 /* Products */;
			projectDirPath = "";
			projectRoot = "";
			targets = (
				EEE9A2FF24F35B0D00AA3643 /* FireChat */,
			);
		};
/* End PBXProject section */

/* Begin PBXResourcesBuildPhase section */
		EEE9A2FE24F35B0D00AA3643 /* Resources */ = {
			isa = PBXResourcesBuildPhase;
			buildActionMask = 2147483647;
			files = (
				EEE9A31024F35B0F00AA3643 /* LaunchScreen.storyboard in Resources */,
				EEE9A30D24F35B0F00AA3643 /* Assets.xcassets in Resources */,
				EEE9A30B24F35B0D00AA3643 /* Main.storyboard in Resources */,
			);
			runOnlyForDeploymentPostprocessing = 0;
		};
/* End PBXResourcesBuildPhase section */

/* Begin PBXSourcesBuildPhase section */
		EEE9A2FC24F35B0D00AA3643 /* Sources */ = {
			isa = PBXSourcesBuildPhase;
			buildActionMask = 2147483647;
			files = (
				EEE9A30824F35B0D00AA3643 /* ViewController.swift in Sources */,
				EEE9A32E24F41D6600AA3643 /* RegistrationViewModel.swift in Sources */,
				EEE9A30424F35B0D00AA3643 /* AppDelegate.swift in Sources */,
				EEE9A31E24F35B5F00AA3643 /* ConversationsController.swift in Sources */,
				EEE9A30624F35B0D00AA3643 /* SceneDelegate.swift in Sources */,
				EEE9A32324F3610600AA3643 /* RegistrationController.swift in Sources */,
				EEE9A32724F40D2500AA3643 /* InputContainerView.swift in Sources */,
				EEE9A32124F360FB00AA3643 /* LoginController.swift in Sources */,
				EEE9A32524F3639500AA3643 /* Extensions.swift in Sources */,
				EEE9A32C24F417FC00AA3643 /* LoginViewModel.swift in Sources */,
				EEE9A32924F40F8A00AA3643 /* CustomTextField.swift in Sources */,
			);
			runOnlyForDeploymentPostprocessing = 0;
		};
/* End PBXSourcesBuildPhase section */

/* Begin PBXVariantGroup section */
		EEE9A30924F35B0D00AA3643 /* Main.storyboard */ = {
			isa = PBXVariantGroup;
			children = (
				EEE9A30A24F35B0D00AA3643 /* Base */,
			);
			name = Main.storyboard;
			sourceTree = "<group>";
		};
		EEE9A30E24F35B0F00AA3643 /* LaunchScreen.storyboard */ = {
			isa = PBXVariantGroup;
			children = (
				EEE9A30F24F35B0F00AA3643 /* Base */,
			);
			name = LaunchScreen.storyboard;
			sourceTree = "<group>";
		};
/* End PBXVariantGroup section */

/* Begin XCBuildConfiguration section */
		EEE9A31224F35B0F00AA3643 /* Debug */ = {
			isa = XCBuildConfiguration;
			buildSettings = {
				ALWAYS_SEARCH_USER_PATHS = NO;
				CLANG_ANALYZER_NONNULL = YES;
				CLANG_ANALYZER_NUMBER_OBJECT_CONVERSION = YES_AGGRESSIVE;
				CLANG_CXX_LANGUAGE_STANDARD = "gnu++14";
				CLANG_CXX_LIBRARY = "libc++";
				CLANG_ENABLE_MODULES = YES;
				CLANG_ENABLE_OBJC_ARC = YES;
				CLANG_ENABLE_OBJC_WEAK = YES;
				CLANG_WARN_BLOCK_CAPTURE_AUTORELEASING = YES;
				CLANG_WARN_BOOL_CONVERSION = YES;
				CLANG_WARN_COMMA = YES;
				CLANG_WARN_CONSTANT_CONVERSION = YES;
				CLANG_WARN_DEPRECATED_OBJC_IMPLEMENTATIONS = YES;
				CLANG_WARN_DIRECT_OBJC_ISA_USAGE = YES_ERROR;
				CLANG_WARN_DOCUMENTATION_COMMENTS = YES;
				CLANG_WARN_EMPTY_BODY = YES;
				CLANG_WARN_ENUM_CONVERSION = YES;
				CLANG_WARN_INFINITE_RECURSION = YES;
				CLANG_WARN_INT_CONVERSION = YES;
				CLANG_WARN_NON_LITERAL_NULL_CONVERSION = YES;
				CLANG_WARN_OBJC_IMPLICIT_RETAIN_SELF = YES;
				CLANG_WARN_OBJC_LITERAL_CONVERSION = YES;
				CLANG_WARN_OBJC_ROOT_CLASS = YES_ERROR;
				CLANG_WARN_RANGE_LOOP_ANALYSIS = YES;
				CLANG_WARN_STRICT_PROTOTYPES = YES;
				CLANG_WARN_SUSPICIOUS_MOVE = YES;
				CLANG_WARN_UNGUARDED_AVAILABILITY = YES_AGGRESSIVE;
				CLANG_WARN_UNREACHABLE_CODE = YES;
				CLANG_WARN__DUPLICATE_METHOD_MATCH = YES;
				COPY_PHASE_STRIP = NO;
				DEBUG_INFORMATION_FORMAT = dwarf;
				ENABLE_STRICT_OBJC_MSGSEND = YES;
				ENABLE_TESTABILITY = YES;
				GCC_C_LANGUAGE_STANDARD = gnu11;
				GCC_DYNAMIC_NO_PIC = NO;
				GCC_NO_COMMON_BLOCKS = YES;
				GCC_OPTIMIZATION_LEVEL = 0;
				GCC_PREPROCESSOR_DEFINITIONS = (
					"DEBUG=1",
					"$(inherited)",
				);
				GCC_WARN_64_TO_32_BIT_CONVERSION = YES;
				GCC_WARN_ABOUT_RETURN_TYPE = YES_ERROR;
				GCC_WARN_UNDECLARED_SELECTOR = YES;
				GCC_WARN_UNINITIALIZED_AUTOS = YES_AGGRESSIVE;
				GCC_WARN_UNUSED_FUNCTION = YES;
				GCC_WARN_UNUSED_VARIABLE = YES;
				IPHONEOS_DEPLOYMENT_TARGET = 13.6;
				MTL_ENABLE_DEBUG_INFO = INCLUDE_SOURCE;
				MTL_FAST_MATH = YES;
				ONLY_ACTIVE_ARCH = YES;
				SDKROOT = iphoneos;
				SWIFT_ACTIVE_COMPILATION_CONDITIONS = DEBUG;
				SWIFT_OPTIMIZATION_LEVEL = "-Onone";
			};
			name = Debug;
		};
		EEE9A31324F35B0F00AA3643 /* Release */ = {
			isa = XCBuildConfiguration;
			buildSettings = {
				ALWAYS_SEARCH_USER_PATHS = NO;
				CLANG_ANALYZER_NONNULL = YES;
				CLANG_ANALYZER_NUMBER_OBJECT_CONVERSION = YES_AGGRESSIVE;
				CLANG_CXX_LANGUAGE_STANDARD = "gnu++14";
				CLANG_CXX_LIBRARY = "libc++";
				CLANG_ENABLE_MODULES = YES;
				CLANG_ENABLE_OBJC_ARC = YES;
				CLANG_ENABLE_OBJC_WEAK = YES;
				CLANG_WARN_BLOCK_CAPTURE_AUTORELEASING = YES;
				CLANG_WARN_BOOL_CONVERSION = YES;
				CLANG_WARN_COMMA = YES;
				CLANG_WARN_CONSTANT_CONVERSION = YES;
				CLANG_WARN_DEPRECATED_OBJC_IMPLEMENTATIONS = YES;
				CLANG_WARN_DIRECT_OBJC_ISA_USAGE = YES_ERROR;
				CLANG_WARN_DOCUMENTATION_COMMENTS = YES;
				CLANG_WARN_EMPTY_BODY = YES;
				CLANG_WARN_ENUM_CONVERSION = YES;
				CLANG_WARN_INFINITE_RECURSION = YES;
				CLANG_WARN_INT_CONVERSION = YES;
				CLANG_WARN_NON_LITERAL_NULL_CONVERSION = YES;
				CLANG_WARN_OBJC_IMPLICIT_RETAIN_SELF = YES;
				CLANG_WARN_OBJC_LITERAL_CONVERSION = YES;
				CLANG_WARN_OBJC_ROOT_CLASS = YES_ERROR;
				CLANG_WARN_RANGE_LOOP_ANALYSIS = YES;
				CLANG_WARN_STRICT_PROTOTYPES = YES;
				CLANG_WARN_SUSPICIOUS_MOVE = YES;
				CLANG_WARN_UNGUARDED_AVAILABILITY = YES_AGGRESSIVE;
				CLANG_WARN_UNREACHABLE_CODE = YES;
				CLANG_WARN__DUPLICATE_METHOD_MATCH = YES;
				COPY_PHASE_STRIP = NO;
				DEBUG_INFORMATION_FORMAT = "dwarf-with-dsym";
				ENABLE_NS_ASSERTIONS = NO;
				ENABLE_STRICT_OBJC_MSGSEND = YES;
				GCC_C_LANGUAGE_STANDARD = gnu11;
				GCC_NO_COMMON_BLOCKS = YES;
				GCC_WARN_64_TO_32_BIT_CONVERSION = YES;
				GCC_WARN_ABOUT_RETURN_TYPE = YES_ERROR;
				GCC_WARN_UNDECLARED_SELECTOR = YES;
				GCC_WARN_UNINITIALIZED_AUTOS = YES_AGGRESSIVE;
				GCC_WARN_UNUSED_FUNCTION = YES;
				GCC_WARN_UNUSED_VARIABLE = YES;
				IPHONEOS_DEPLOYMENT_TARGET = 13.6;
				MTL_ENABLE_DEBUG_INFO = NO;
				MTL_FAST_MATH = YES;
				SDKROOT = iphoneos;
				SWIFT_COMPILATION_MODE = wholemodule;
				SWIFT_OPTIMIZATION_LEVEL = "-O";
				VALIDATE_PRODUCT = YES;
			};
			name = Release;
		};
		EEE9A31524F35B0F00AA3643 /* Debug */ = {
			isa = XCBuildConfiguration;
			buildSettings = {
				ASSETCATALOG_COMPILER_APPICON_NAME = AppIcon;
				CODE_SIGN_STYLE = Automatic;
				DEVELOPMENT_TEAM = 28TYCU28PG;
				INFOPLIST_FILE = FireChat/Info.plist;
				LD_RUNPATH_SEARCH_PATHS = (
					"$(inherited)",
					"@executable_path/Frameworks",
				);
				PRODUCT_BUNDLE_IDENTIFIER = com.apurvadeshmukh.FireChat;
				PRODUCT_NAME = "$(TARGET_NAME)";
				SWIFT_VERSION = 5.0;
				TARGETED_DEVICE_FAMILY = "1,2";
			};
			name = Debug;
		};
		EEE9A31624F35B0F00AA3643 /* Release */ = {
			isa = XCBuildConfiguration;
			buildSettings = {
				ASSETCATALOG_COMPILER_APPICON_NAME = AppIcon;
				CODE_SIGN_STYLE = Automatic;
				DEVELOPMENT_TEAM = 28TYCU28PG;
				INFOPLIST_FILE = FireChat/Info.plist;
				LD_RUNPATH_SEARCH_PATHS = (
					"$(inherited)",
					"@executable_path/Frameworks",
				);
				PRODUCT_BUNDLE_IDENTIFIER = com.apurvadeshmukh.FireChat;
				PRODUCT_NAME = "$(TARGET_NAME)";
				SWIFT_VERSION = 5.0;
				TARGETED_DEVICE_FAMILY = "1,2";
			};
			name = Release;
		};
/* End XCBuildConfiguration section */

/* Begin XCConfigurationList section */
		EEE9A2FB24F35B0D00AA3643 /* Build configuration list for PBXProject "FireChat" */ = {
			isa = XCConfigurationList;
			buildConfigurations = (
				EEE9A31224F35B0F00AA3643 /* Debug */,
				EEE9A31324F35B0F00AA3643 /* Release */,
			);
			defaultConfigurationIsVisible = 0;
			defaultConfigurationName = Release;
		};
		EEE9A31424F35B0F00AA3643 /* Build configuration list for PBXNativeTarget "FireChat" */ = {
			isa = XCConfigurationList;
			buildConfigurations = (
				EEE9A31524F35B0F00AA3643 /* Debug */,
				EEE9A31624F35B0F00AA3643 /* Release */,
			);
			defaultConfigurationIsVisible = 0;
			defaultConfigurationName = Release;
		};
/* End XCConfigurationList section */
	};
	rootObject = EEE9A2F824F35B0D00AA3643 /* Project object */;
}
